
Microsoft Visual Studio Solution File, Format Version 12.00
# Visual Studio Version 17
VisualStudioVersion = 17.8.34408.163
MinimumVisualStudioVersion = 10.0.40219.1
Project("{FAE04EC0-301F-11D3-BF4B-00C04F79EFBC}") = "Test", "Test\Test.csproj", "{C4692B9F-799A-4AB0-AE7D-DBA20D145D41}"
EndProject
Global
	GlobalSection(SolutionConfigurationPlatforms) = preSolution
		Debug|Any CPU = Debug|Any CPU
		Release|Any CPU = Release|Any CPU
	EndGlobalSection
	GlobalSection(ProjectConfigurationPlatforms) = postSolution
		{C4692B9F-799A-4AB0-AE7D-DBA20D145D41}.Debug|Any CPU.ActiveCfg = Debug|Any CPU
		{C4692B9F-799A-4AB0-AE7D-DBA20D145D41}.Debug|Any CPU.Build.0 = Debug|Any CPU
		{C4692B9F-799A-4AB0-AE7D-DBA20D145D41}.Release|Any CPU.ActiveCfg = Release|Any CPU
		{C4692B9F-799A-4AB0-AE7D-DBA20D145D41}.Release|Any CPU.Build.0 = Release|Any CPU
	EndGlobalSection
	GlobalSection(SolutionProperties) = preSolution
		HideSolutionNode = FALSE
	EndGlobalSection
	GlobalSection(ExtensibilityGlobals) = postSolution
		SolutionGuid = {B59C75BD-E294-4246-89AB-970E8725459B}
	EndGlobalSection
EndGlobal
