
Microsoft Visual Studio Solution File, Format Version 12.00
# Visual Studio Version 17
VisualStudioVersion = 17.8.34408.163
MinimumVisualStudioVersion = 10.0.40219.1
Project("{FAE04EC0-301F-11D3-BF4B-00C04F79EFBC}") = "WebApplication2", "WebApplication2\WebApplication2.csproj", "{18C469A1-E363-4C84-BCD7-B35AC0B08C6F}"
EndProject
Global
	GlobalSection(SolutionConfigurationPlatforms) = preSolution
		Debug|Any CPU = Debug|Any CPU
		Release|Any CPU = Release|Any CPU
	EndGlobalSection
	GlobalSection(ProjectConfigurationPlatforms) = postSolution
		{18C469A1-E363-4C84-BCD7-B35AC0B08C6F}.Debug|Any CPU.ActiveCfg = Debug|Any CPU
		{18C469A1-E363-4C84-BCD7-B35AC0B08C6F}.Debug|Any CPU.Build.0 = Debug|Any CPU
		{18C469A1-E363-4C84-BCD7-B35AC0B08C6F}.Release|Any CPU.ActiveCfg = Release|Any CPU
		{18C469A1-E363-4C84-BCD7-B35AC0B08C6F}.Release|Any CPU.Build.0 = Release|Any CPU
	EndGlobalSection
	GlobalSection(SolutionProperties) = preSolution
		HideSolutionNode = FALSE
	EndGlobalSection
	GlobalSection(ExtensibilityGlobals) = postSolution
		SolutionGuid = {2298E676-7887-47FB-8963-BDE9614DC6D8}
	EndGlobalSection
EndGlobal
